{
    "name": "pdf2png-https",
    "version": "2.0.0",
    "lockfileVersion": 1,
    "requires": true,
    "dependencies": {
        "filesource-https": {
            "version": "2.0.0",
            "resolved": "https://registry.npmjs.org/filesource-https/-/filesource-https-2.0.0.tgz",
            "integrity": "sha512-cilE8/FlvmI8QZ41pehlUyq7RbEx2MUc/hk0OAtu+owHHiNj8yXw02vqXhZU10OkA+WUVSHs3R83WFFi0nhkXA==",
            "requires": {
                "tmp": "0.0.23"
            }
        },
        "pdf_page_count-https": {
            "version": "2.0.0",
            "resolved": "https://registry.npmjs.org/pdf_page_count-https/-/pdf_page_count-https-2.0.0.tgz",
            "integrity": "sha512-UUoNTybHluVcutWkv6jRquRIQG63ZXj0FusdGqWCHHoOU+tOZPP7uC0yef3hrvy1YarjLphHgOh6oAIkwkjQ9A==",
            "requires": {
                "filesource-https": "2.0.0"
            }
        },
        "tmp": {
            "version": "0.0.23",
            "resolved": "https://registry.npmjs.org/tmp/-/tmp-0.0.23.tgz",
            "integrity": "sha1-3odKpel0qF8KMs39vXRmPLO9nHQ="
        }
    }
}
